// !$*UTF8*$!
{
	archiveVersion = 1;
	classes = {
	};
	objectVersion = 50;
	objects = {

/* Begin PBXBuildFile section */
		2813D127257029A900F5BCAB /* Video.swift in Sources */ = {isa = PBXBuildFile; fileRef = 2813D126257029A900F5BCAB /* Video.swift */; };
		2813D12925702A1900F5BCAB /* Model.swift in Sources */ = {isa = PBXBuildFile; fileRef = 2813D12825702A1900F5BCAB /* Model.swift */; };
		2813D12B25703D5600F5BCAB /* Response.swift in Sources */ = {isa = PBXBuildFile; fileRef = 2813D12A25703D5600F5BCAB /* Response.swift */; };
		2813D12D2576C01300F5BCAB /* ConstantsTemplate.swift in Sources */ = {isa = PBXBuildFile; fileRef = 2813D12C2576C01300F5BCAB /* ConstantsTemplate.swift */; };
		2813D1482576C49200F5BCAB /* Constants.swift in Sources */ = {isa = PBXBuildFile; fileRef = 2813D1472576C49200F5BCAB /* Constants.swift */; };
		2856C1F9256D915D0026E14F /* AppDelegate.swift in Sources */ = {isa = PBXBuildFile; fileRef = 2856C1F8256D915D0026E14F /* AppDelegate.swift */; };
		2856C1FB256D915D0026E14F /* SceneDelegate.swift in Sources */ = {isa = PBXBuildFile; fileRef = 2856C1FA256D915D0026E14F /* SceneDelegate.swift */; };
		2856C1FD256D915D0026E14F /* VewController.swift in Sources */ = {isa = PBXBuildFile; fileRef = 2856C1FC256D915D0026E14F /* VewController.swift */; };
		2856C200256D915D0026E14F /* Main.storyboard in Resources */ = {isa = PBXBuildFile; fileRef = 2856C1FE256D915D0026E14F /* Main.storyboard */; };
		2856C202256D91600026E14F /* Assets.xcassets in Resources */ = {isa = PBXBuildFile; fileRef = 2856C201256D91600026E14F /* Assets.xcassets */; };
		2856C205256D91600026E14F /* LaunchScreen.storyboard in Resources */ = {isa = PBXBuildFile; fileRef = 2856C203256D91600026E14F /* LaunchScreen.storyboard */; };
/* End PBXBuildFile section */

/* Begin PBXFileReference section */
		2813D126257029A900F5BCAB /* Video.swift */ = {isa = PBXFileReference; lastKnownFileType = sourcecode.swift; path = Video.swift; sourceTree = "<group>"; };
		2813D12825702A1900F5BCAB /* Model.swift */ = {isa = PBXFileReference; lastKnownFileType = sourcecode.swift; path = Model.swift; sourceTree = "<group>"; };
		2813D12A25703D5600F5BCAB /* Response.swift */ = {isa = PBXFileReference; lastKnownFileType = sourcecode.swift; path = Response.swift; sourceTree = "<group>"; };
		2813D12C2576C01300F5BCAB /* ConstantsTemplate.swift */ = {isa = PBXFileReference; lastKnownFileType = sourcecode.swift; path = ConstantsTemplate.swift; sourceTree = "<group>"; };
		2813D1472576C49200F5BCAB /* Constants.swift */ = {isa = PBXFileReference; lastKnownFileType = sourcecode.swift; path = Constants.swift; sourceTree = "<group>"; };
		2856C1F5256D915D0026E14F /* youtube-simple-app.app */ = {isa = PBXFileReference; explicitFileType = wrapper.application; includeInIndex = 0; path = "youtube-simple-app.app"; sourceTree = BUILT_PRODUCTS_DIR; };
		2856C1F8256D915D0026E14F /* AppDelegate.swift */ = {isa = PBXFileReference; lastKnownFileType = sourcecode.swift; path = AppDelegate.swift; sourceTree = "<group>"; };
		2856C1FA256D915D0026E14F /* SceneDelegate.swift */ = {isa = PBXFileReference; lastKnownFileType = sourcecode.swift; path = SceneDelegate.swift; sourceTree = "<group>"; };
		2856C1FC256D915D0026E14F /* VewController.swift */ = {isa = PBXFileReference; lastKnownFileType = sourcecode.swift; path = VewController.swift; sourceTree = "<group>"; };
		2856C1FF256D915D0026E14F /* Base */ = {isa = PBXFileReference; lastKnownFileType = file.storyboard; name = Base; path = Base.lproj/Main.storyboard; sourceTree = "<group>"; };
		2856C201256D91600026E14F /* Assets.xcassets */ = {isa = PBXFileReference; lastKnownFileType = folder.assetcatalog; path = Assets.xcassets; sourceTree = "<group>"; };
		2856C204256D91600026E14F /* Base */ = {isa = PBXFileReference; lastKnownFileType = file.storyboard; name = Base; path = Base.lproj/LaunchScreen.storyboard; sourceTree = "<group>"; };
		2856C206256D91600026E14F /* Info.plist */ = {isa = PBXFileReference; lastKnownFileType = text.plist.xml; path = Info.plist; sourceTree = "<group>"; };
/* End PBXFileReference section */

/* Begin PBXFrameworksBuildPhase section */
		2856C1F2256D915D0026E14F /* Frameworks */ = {
			isa = PBXFrameworksBuildPhase;
			buildActionMask = 2147483647;
			files = (
			);
			runOnlyForDeploymentPostprocessing = 0;
		};
/* End PBXFrameworksBuildPhase section */

/* Begin PBXGroup section */
		2856C1EC256D915D0026E14F = {
			isa = PBXGroup;
			children = (
				2856C1F7256D915D0026E14F /* youtube-simple-app */,
				2856C1F6256D915D0026E14F /* Products */,
			);
			sourceTree = "<group>";
		};
		2856C1F6256D915D0026E14F /* Products */ = {
			isa = PBXGroup;
			children = (
				2856C1F5256D915D0026E14F /* youtube-simple-app.app */,
			);
			name = Products;
			sourceTree = "<group>";
		};
		2856C1F7256D915D0026E14F /* youtube-simple-app */ = {
			isa = PBXGroup;
			children = (
				2856C1F8256D915D0026E14F /* AppDelegate.swift */,
				2856C1FA256D915D0026E14F /* SceneDelegate.swift */,
				2856C1FC256D915D0026E14F /* VewController.swift */,
				2856C1FE256D915D0026E14F /* Main.storyboard */,
				2856C201256D91600026E14F /* Assets.xcassets */,
				2856C203256D91600026E14F /* LaunchScreen.storyboard */,
				2856C206256D91600026E14F /* Info.plist */,
				2813D12C2576C01300F5BCAB /* ConstantsTemplate.swift */,
				2813D126257029A900F5BCAB /* Video.swift */,
				2813D12A25703D5600F5BCAB /* Response.swift */,
				2813D12825702A1900F5BCAB /* Model.swift */,
				2813D1472576C49200F5BCAB /* Constants.swift */,
			);
			path = "youtube-simple-app";
			sourceTree = "<group>";
		};
/* End PBXGroup section */

/* Begin PBXNativeTarget section */
		2856C1F4256D915D0026E14F /* youtube-simple-app */ = {
			isa = PBXNativeTarget;
			buildConfigurationList = 2856C209256D91600026E14F /* Build configuration list for PBXNativeTarget "youtube-simple-app" */;
			buildPhases = (
				2856C1F1256D915D0026E14F /* Sources */,
				2856C1F2256D915D0026E14F /* Frameworks */,
				2856C1F3256D915D0026E14F /* Resources */,
			);
			buildRules = (
			);
			dependencies = (
			);
			name = "youtube-simple-app";
			productName = "youtube-simple-app";
			productReference = 2856C1F5256D915D0026E14F /* youtube-simple-app.app */;
			productType = "com.apple.product-type.application";
		};
/* End PBXNativeTarget section */

/* Begin PBXProject section */
		2856C1ED256D915D0026E14F /* Project object */ = {
			isa = PBXProject;
			attributes = {
				LastSwiftUpdateCheck = 1140;
				LastUpgradeCheck = 1140;
				ORGANIZATIONNAME = "Burak Ekmen";
				TargetAttributes = {
					2856C1F4256D915D0026E14F = {
						CreatedOnToolsVersion = 11.4.1;
					};
				};
			};
			buildConfigurationList = 2856C1F0256D915D0026E14F /* Build configuration list for PBXProject "youtube-simple-app" */;
			compatibilityVersion = "Xcode 9.3";
			developmentRegion = en;
			hasScannedForEncodings = 0;
			knownRegions = (
				en,
				Base,
			);
			mainGroup = 2856C1EC256D915D0026E14F;
			productRefGroup = 2856C1F6256D915D0026E14F /* Products */;
			projectDirPath = "";
			projectRoot = "";
			targets = (
				2856C1F4256D915D0026E14F /* youtube-simple-app */,
			);
		};
/* End PBXProject section */

/* Begin PBXResourcesBuildPhase section */
		2856C1F3256D915D0026E14F /* Resources */ = {
			isa = PBXResourcesBuildPhase;
			buildActionMask = 2147483647;
			files = (
				2856C205256D91600026E14F /* LaunchScreen.storyboard in Resources */,
				2856C202256D91600026E14F /* Assets.xcassets in Resources */,
				2856C200256D915D0026E14F /* Main.storyboard in Resources */,
			);
			runOnlyForDeploymentPostprocessing = 0;
		};
/* End PBXResourcesBuildPhase section */

/* Begin PBXSourcesBuildPhase section */
		2856C1F1256D915D0026E14F /* Sources */ = {
			isa = PBXSourcesBuildPhase;
			buildActionMask = 2147483647;
			files = (
				2856C1FD256D915D0026E14F /* VewController.swift in Sources */,
				2856C1F9256D915D0026E14F /* AppDelegate.swift in Sources */,
				2856C1FB256D915D0026E14F /* SceneDelegate.swift in Sources */,
				2813D12D2576C01300F5BCAB /* ConstantsTemplate.swift in Sources */,
				2813D12925702A1900F5BCAB /* Model.swift in Sources */,
				2813D127257029A900F5BCAB /* Video.swift in Sources */,
				2813D12B25703D5600F5BCAB /* Response.swift in Sources */,
				2813D1482576C49200F5BCAB /* Constants.swift in Sources */,
			);
			runOnlyForDeploymentPostprocessing = 0;
		};
/* End PBXSourcesBuildPhase section */

/* Begin PBXVariantGroup section */
		2856C1FE256D915D0026E14F /* Main.storyboard */ = {
			isa = PBXVariantGroup;
			children = (
				2856C1FF256D915D0026E14F /* Base */,
			);
			name = Main.storyboard;
			sourceTree = "<group>";
		};
		2856C203256D91600026E14F /* LaunchScreen.storyboard */ = {
			isa = PBXVariantGroup;
			children = (
				2856C204256D91600026E14F /* Base */,
			);
			name = LaunchScreen.storyboard;
			sourceTree = "<group>";
		};
/* End PBXVariantGroup section */

/* Begin XCBuildConfiguration section */
		2856C207256D91600026E14F /* Debug */ = {
			isa = XCBuildConfiguration;
			buildSettings = {
				ALWAYS_SEARCH_USER_PATHS = NO;
				CLANG_ANALYZER_NONNULL = YES;
				CLANG_ANALYZER_NUMBER_OBJECT_CONVERSION = YES_AGGRESSIVE;
				CLANG_CXX_LANGUAGE_STANDARD = "gnu++14";
				CLANG_CXX_LIBRARY = "libc++";
				CLANG_ENABLE_MODULES = YES;
				CLANG_ENABLE_OBJC_ARC = YES;
				CLANG_ENABLE_OBJC_WEAK = YES;
				CLANG_WARN_BLOCK_CAPTURE_AUTORELEASING = YES;
				CLANG_WARN_BOOL_CONVERSION = YES;
				CLANG_WARN_COMMA = YES;
				CLANG_WARN_CONSTANT_CONVERSION = YES;
				CLANG_WARN_DEPRECATED_OBJC_IMPLEMENTATIONS = YES;
				CLANG_WARN_DIRECT_OBJC_ISA_USAGE = YES_ERROR;
				CLANG_WARN_DOCUMENTATION_COMMENTS = YES;
				CLANG_WARN_EMPTY_BODY = YES;
				CLANG_WARN_ENUM_CONVERSION = YES;
				CLANG_WARN_INFINITE_RECURSION = YES;
				CLANG_WARN_INT_CONVERSION = YES;
				CLANG_WARN_NON_LITERAL_NULL_CONVERSION = YES;
				CLANG_WARN_OBJC_IMPLICIT_RETAIN_SELF = YES;
				CLANG_WARN_OBJC_LITERAL_CONVERSION = YES;
				CLANG_WARN_OBJC_ROOT_CLASS = YES_ERROR;
				CLANG_WARN_RANGE_LOOP_ANALYSIS = YES;
				CLANG_WARN_STRICT_PROTOTYPES = YES;
				CLANG_WARN_SUSPICIOUS_MOVE = YES;
				CLANG_WARN_UNGUARDED_AVAILABILITY = YES_AGGRESSIVE;
				CLANG_WARN_UNREACHABLE_CODE = YES;
				CLANG_WARN__DUPLICATE_METHOD_MATCH = YES;
				COPY_PHASE_STRIP = NO;
				DEBUG_INFORMATION_FORMAT = dwarf;
				ENABLE_STRICT_OBJC_MSGSEND = YES;
				ENABLE_TESTABILITY = YES;
				GCC_C_LANGUAGE_STANDARD = gnu11;
				GCC_DYNAMIC_NO_PIC = NO;
				GCC_NO_COMMON_BLOCKS = YES;
				GCC_OPTIMIZATION_LEVEL = 0;
				GCC_PREPROCESSOR_DEFINITIONS = (
					"DEBUG=1",
					"$(inherited)",
				);
				GCC_WARN_64_TO_32_BIT_CONVERSION = YES;
				GCC_WARN_ABOUT_RETURN_TYPE = YES_ERROR;
				GCC_WARN_UNDECLARED_SELECTOR = YES;
				GCC_WARN_UNINITIALIZED_AUTOS = YES_AGGRESSIVE;
				GCC_WARN_UNUSED_FUNCTION = YES;
				GCC_WARN_UNUSED_VARIABLE = YES;
				IPHONEOS_DEPLOYMENT_TARGET = 13.4;
				MTL_ENABLE_DEBUG_INFO = INCLUDE_SOURCE;
				MTL_FAST_MATH = YES;
				ONLY_ACTIVE_ARCH = YES;
				SDKROOT = iphoneos;
				SWIFT_ACTIVE_COMPILATION_CONDITIONS = DEBUG;
				SWIFT_OPTIMIZATION_LEVEL = "-Onone";
			};
			name = Debug;
		};
		2856C208256D91600026E14F /* Release */ = {
			isa = XCBuildConfiguration;
			buildSettings = {
				ALWAYS_SEARCH_USER_PATHS = NO;
				CLANG_ANALYZER_NONNULL = YES;
				CLANG_ANALYZER_NUMBER_OBJECT_CONVERSION = YES_AGGRESSIVE;
				CLANG_CXX_LANGUAGE_STANDARD = "gnu++14";
				CLANG_CXX_LIBRARY = "libc++";
				CLANG_ENABLE_MODULES = YES;
				CLANG_ENABLE_OBJC_ARC = YES;
				CLANG_ENABLE_OBJC_WEAK = YES;
				CLANG_WARN_BLOCK_CAPTURE_AUTORELEASING = YES;
				CLANG_WARN_BOOL_CONVERSION = YES;
				CLANG_WARN_COMMA = YES;
				CLANG_WARN_CONSTANT_CONVERSION = YES;
				CLANG_WARN_DEPRECATED_OBJC_IMPLEMENTATIONS = YES;
				CLANG_WARN_DIRECT_OBJC_ISA_USAGE = YES_ERROR;
				CLANG_WARN_DOCUMENTATION_COMMENTS = YES;
				CLANG_WARN_EMPTY_BODY = YES;
				CLANG_WARN_ENUM_CONVERSION = YES;
				CLANG_WARN_INFINITE_RECURSION = YES;
				CLANG_WARN_INT_CONVERSION = YES;
				CLANG_WARN_NON_LITERAL_NULL_CONVERSION = YES;
				CLANG_WARN_OBJC_IMPLICIT_RETAIN_SELF = YES;
				CLANG_WARN_OBJC_LITERAL_CONVERSION = YES;
				CLANG_WARN_OBJC_ROOT_CLASS = YES_ERROR;
				CLANG_WARN_RANGE_LOOP_ANALYSIS = YES;
				CLANG_WARN_STRICT_PROTOTYPES = YES;
				CLANG_WARN_SUSPICIOUS_MOVE = YES;
				CLANG_WARN_UNGUARDED_AVAILABILITY = YES_AGGRESSIVE;
				CLANG_WARN_UNREACHABLE_CODE = YES;
				CLANG_WARN__DUPLICATE_METHOD_MATCH = YES;
				COPY_PHASE_STRIP = NO;
				DEBUG_INFORMATION_FORMAT = "dwarf-with-dsym";
				ENABLE_NS_ASSERTIONS = NO;
				ENABLE_STRICT_OBJC_MSGSEND = YES;
				GCC_C_LANGUAGE_STANDARD = gnu11;
				GCC_NO_COMMON_BLOCKS = YES;
				GCC_WARN_64_TO_32_BIT_CONVERSION = YES;
				GCC_WARN_ABOUT_RETURN_TYPE = YES_ERROR;
				GCC_WARN_UNDECLARED_SELECTOR = YES;
				GCC_WARN_UNINITIALIZED_AUTOS = YES_AGGRESSIVE;
				GCC_WARN_UNUSED_FUNCTION = YES;
				GCC_WARN_UNUSED_VARIABLE = YES;
				IPHONEOS_DEPLOYMENT_TARGET = 13.4;
				MTL_ENABLE_DEBUG_INFO = NO;
				MTL_FAST_MATH = YES;
				SDKROOT = iphoneos;
				SWIFT_COMPILATION_MODE = wholemodule;
				SWIFT_OPTIMIZATION_LEVEL = "-O";
				VALIDATE_PRODUCT = YES;
			};
			name = Release;
		};
		2856C20A256D91600026E14F /* Debug */ = {
			isa = XCBuildConfiguration;
			buildSettings = {
				ASSETCATALOG_COMPILER_APPICON_NAME = AppIcon;
				CODE_SIGN_STYLE = Automatic;
				DEVELOPMENT_TEAM = KSMNAM32VA;
				INFOPLIST_FILE = "youtube-simple-app/Info.plist";
				LD_RUNPATH_SEARCH_PATHS = (
					"$(inherited)",
					"@executable_path/Frameworks",
				);
				PRODUCT_BUNDLE_IDENTIFIER = "com.burakekmen.youtube-simple-app";
				PRODUCT_NAME = "$(TARGET_NAME)";
				SWIFT_VERSION = 5.0;
				TARGETED_DEVICE_FAMILY = "1,2";
			};
			name = Debug;
		};
		2856C20B256D91600026E14F /* Release */ = {
			isa = XCBuildConfiguration;
			buildSettings = {
				ASSETCATALOG_COMPILER_APPICON_NAME = AppIcon;
				CODE_SIGN_STYLE = Automatic;
				DEVELOPMENT_TEAM = KSMNAM32VA;
				INFOPLIST_FILE = "youtube-simple-app/Info.plist";
				LD_RUNPATH_SEARCH_PATHS = (
					"$(inherited)",
					"@executable_path/Frameworks",
				);
				PRODUCT_BUNDLE_IDENTIFIER = "com.burakekmen.youtube-simple-app";
				PRODUCT_NAME = "$(TARGET_NAME)";
				SWIFT_VERSION = 5.0;
				TARGETED_DEVICE_FAMILY = "1,2";
			};
			name = Release;
		};
/* End XCBuildConfiguration section */

/* Begin XCConfigurationList section */
		2856C1F0256D915D0026E14F /* Build configuration list for PBXProject "youtube-simple-app" */ = {
			isa = XCConfigurationList;
			buildConfigurations = (
				2856C207256D91600026E14F /* Debug */,
				2856C208256D91600026E14F /* Release */,
			);
			defaultConfigurationIsVisible = 0;
			defaultConfigurationName = Release;
		};
		2856C209256D91600026E14F /* Build configuration list for PBXNativeTarget "youtube-simple-app" */ = {
			isa = XCConfigurationList;
			buildConfigurations = (
				2856C20A256D91600026E14F /* Debug */,
				2856C20B256D91600026E14F /* Release */,
			);
			defaultConfigurationIsVisible = 0;
			defaultConfigurationName = Release;
		};
/* End XCConfigurationList section */
	};
	rootObject = 2856C1ED256D915D0026E14F /* Project object */;
}
